{
  "object": {
    "pins": [
      {
        "package": "HaishinKit",
        "repositoryURL": "https://github.com/shogo4405/HaishinKit.swift",
        "state": {
          "branch": null,
          "revision": "2aab987bb33bcd515f00bc6c9c3ad387c3fab87d",
          "version": "1.1.2"
        }
      },
      {
        "package": "Logboard",
        "repositoryURL": "https://github.com/shogo4405/Logboard.git",
        "state": {
          "branch": null,
          "revision": "8cc7656b07e4d327fae42e1320e2e48b8868e3f6",
          "version": "2.2.2"
        }
      }
    ]
  },
  "version": 1
}
